// !$*UTF8*$!
{
	archiveVersion = 1;
	classes = {
	};
	objectVersion = 46;
	objects = {

/* Begin PBXBuildFile section */
		87A570771940961200DBC92D /* AppDelegate.swift in Sources */ = {isa = PBXBuildFile; fileRef = 87A570761940961200DBC92D /* AppDelegate.swift */; };
		87A570791940961200DBC92D /* ViewController.swift in Sources */ = {isa = PBXBuildFile; fileRef = 87A570781940961200DBC92D /* ViewController.swift */; };
		87A5707C1940961200DBC92D /* Main.storyboard in Resources */ = {isa = PBXBuildFile; fileRef = 87A5707A1940961200DBC92D /* Main.storyboard */; };
		87A5707E1940961200DBC92D /* Images.xcassets in Resources */ = {isa = PBXBuildFile; fileRef = 87A5707D1940961200DBC92D /* Images.xcassets */; };
		87A5708A1940961200DBC92D /* SwiftSampleTests.swift in Sources */ = {isa = PBXBuildFile; fileRef = 87A570891940961200DBC92D /* SwiftSampleTests.swift */; };
/* End PBXBuildFile section */

/* Begin PBXContainerItemProxy section */
		87A570841940961200DBC92D /* PBXContainerItemProxy */ = {
			isa = PBXContainerItemProxy;
			containerPortal = 87A570691940961200DBC92D /* Project object */;
			proxyType = 1;
			remoteGlobalIDString = 87A570701940961200DBC92D;
			remoteInfo = SwiftSample;
		};
/* End PBXContainerItemProxy section */

/* Begin PBXFileReference section */
		87A570711940961200DBC92D /* SwiftSample.app */ = {isa = PBXFileReference; explicitFileType = wrapper.application; includeInIndex = 0; path = SwiftSample.app; sourceTree = BUILT_PRODUCTS_DIR; };
		87A570751940961200DBC92D /* Info.plist */ = {isa = PBXFileReference; lastKnownFileType = text.plist.xml; path = Info.plist; sourceTree = "<group>"; };
		87A570761940961200DBC92D /* AppDelegate.swift */ = {isa = PBXFileReference; lastKnownFileType = sourcecode.swift; path = AppDelegate.swift; sourceTree = "<group>"; };
		87A570781940961200DBC92D /* ViewController.swift */ = {isa = PBXFileReference; lastKnownFileType = sourcecode.swift; path = ViewController.swift; sourceTree = "<group>"; };
		87A5707B1940961200DBC92D /* Base */ = {isa = PBXFileReference; lastKnownFileType = file.storyboard; name = Base; path = Base.lproj/Main.storyboard; sourceTree = "<group>"; };
		87A5707D1940961200DBC92D /* Images.xcassets */ = {isa = PBXFileReference; lastKnownFileType = folder.assetcatalog; path = Images.xcassets; sourceTree = "<group>"; };
		87A570831940961200DBC92D /* SwiftSampleTests.xctest */ = {isa = PBXFileReference; explicitFileType = wrapper.cfbundle; includeInIndex = 0; path = SwiftSampleTests.xctest; sourceTree = BUILT_PRODUCTS_DIR; };
		87A570881940961200DBC92D /* Info.plist */ = {isa = PBXFileReference; lastKnownFileType = text.plist.xml; path = Info.plist; sourceTree = "<group>"; };
		87A570891940961200DBC92D /* SwiftSampleTests.swift */ = {isa = PBXFileReference; lastKnownFileType = sourcecode.swift; path = SwiftSampleTests.swift; sourceTree = "<group>"; };
/* End PBXFileReference section */

/* Begin PBXFrameworksBuildPhase section */
		87A5706E1940961200DBC92D /* Frameworks */ = {
			isa = PBXFrameworksBuildPhase;
			buildActionMask = 2147483647;
			files = (
			);
			runOnlyForDeploymentPostprocessing = 0;
		};
		87A570801940961200DBC92D /* Frameworks */ = {
			isa = PBXFrameworksBuildPhase;
			buildActionMask = 2147483647;
			files = (
			);
			runOnlyForDeploymentPostprocessing = 0;
		};
/* End PBXFrameworksBuildPhase section */

/* Begin PBXGroup section */
		87A570681940961200DBC92D = {
			isa = PBXGroup;
			children = (
				87A570731940961200DBC92D /* SwiftSample */,
				87A570861940961200DBC92D /* SwiftSampleTests */,
				87A570721940961200DBC92D /* Products */,
			);
			sourceTree = "<group>";
		};
		87A570721940961200DBC92D /* Products */ = {
			isa = PBXGroup;
			children = (
				87A570711940961200DBC92D /* SwiftSample.app */,
				87A570831940961200DBC92D /* SwiftSampleTests.xctest */,
			);
			name = Products;
			sourceTree = "<group>";
		};
		87A570731940961200DBC92D /* SwiftSample */ = {
			isa = PBXGroup;
			children = (
				87A570761940961200DBC92D /* AppDelegate.swift */,
				87A570781940961200DBC92D /* ViewController.swift */,
				87A5707A1940961200DBC92D /* Main.storyboard */,
				87A5707D1940961200DBC92D /* Images.xcassets */,
				87A570741940961200DBC92D /* Supporting Files */,
			);
			path = SwiftSample;
			sourceTree = "<group>";
		};
		87A570741940961200DBC92D /* Supporting Files */ = {
			isa = PBXGroup;
			children = (
				87A570751940961200DBC92D /* Info.plist */,
			);
			name = "Supporting Files";
			sourceTree = "<group>";
		};
		87A570861940961200DBC92D /* SwiftSampleTests */ = {
			isa = PBXGroup;
			children = (
				87A570891940961200DBC92D /* SwiftSampleTests.swift */,
				87A570871940961200DBC92D /* Supporting Files */,
			);
			path = SwiftSampleTests;
			sourceTree = "<group>";
		};
		87A570871940961200DBC92D /* Supporting Files */ = {
			isa = PBXGroup;
			children = (
				87A570881940961200DBC92D /* Info.plist */,
			);
			name = "Supporting Files";
			sourceTree = "<group>";
		};
/* End PBXGroup section */

/* Begin PBXNativeTarget section */
		87A570701940961200DBC92D /* SwiftSample */ = {
			isa = PBXNativeTarget;
			buildConfigurationList = 87A5708D1940961200DBC92D /* Build configuration list for PBXNativeTarget "SwiftSample" */;
			buildPhases = (
				87A5706D1940961200DBC92D /* Sources */,
				87A5706E1940961200DBC92D /* Frameworks */,
				87A5706F1940961200DBC92D /* Resources */,
			);
			buildRules = (
			);
			dependencies = (
			);
			name = SwiftSample;
			productName = SwiftSample;
			productReference = 87A570711940961200DBC92D /* SwiftSample.app */;
			productType = "com.apple.product-type.application";
		};
		87A570821940961200DBC92D /* SwiftSampleTests */ = {
			isa = PBXNativeTarget;
			buildConfigurationList = 87A570901940961200DBC92D /* Build configuration list for PBXNativeTarget "SwiftSampleTests" */;
			buildPhases = (
				87A5707F1940961200DBC92D /* Sources */,
				87A570801940961200DBC92D /* Frameworks */,
				87A570811940961200DBC92D /* Resources */,
			);
			buildRules = (
			);
			dependencies = (
				87A570851940961200DBC92D /* PBXTargetDependency */,
			);
			name = SwiftSampleTests;
			productName = SwiftSampleTests;
			productReference = 87A570831940961200DBC92D /* SwiftSampleTests.xctest */;
			productType = "com.apple.product-type.bundle.unit-test";
		};
/* End PBXNativeTarget section */

/* Begin PBXProject section */
		87A570691940961200DBC92D /* Project object */ = {
			isa = PBXProject;
			attributes = {
				LastUpgradeCheck = 0600;
				ORGANIZATIONNAME = stf00749;
				TargetAttributes = {
					87A570701940961200DBC92D = {
						CreatedOnToolsVersion = 6.0;
					};
					87A570821940961200DBC92D = {
						CreatedOnToolsVersion = 6.0;
						TestTargetID = 87A570701940961200DBC92D;
					};
				};
			};
			buildConfigurationList = 87A5706C1940961200DBC92D /* Build configuration list for PBXProject "SwiftSample" */;
			compatibilityVersion = "Xcode 3.2";
			developmentRegion = English;
			hasScannedForEncodings = 0;
			knownRegions = (
				en,
				Base,
			);
			mainGroup = 87A570681940961200DBC92D;
			productRefGroup = 87A570721940961200DBC92D /* Products */;
			projectDirPath = "";
			projectRoot = "";
			targets = (
				87A570701940961200DBC92D /* SwiftSample */,
				87A570821940961200DBC92D /* SwiftSampleTests */,
			);
		};
/* End PBXProject section */

/* Begin PBXResourcesBuildPhase section */
		87A5706F1940961200DBC92D /* Resources */ = {
			isa = PBXResourcesBuildPhase;
			buildActionMask = 2147483647;
			files = (
				87A5707C1940961200DBC92D /* Main.storyboard in Resources */,
				87A5707E1940961200DBC92D /* Images.xcassets in Resources */,
			);
			runOnlyForDeploymentPostprocessing = 0;
		};
		87A570811940961200DBC92D /* Resources */ = {
			isa = PBXResourcesBuildPhase;
			buildActionMask = 2147483647;
			files = (
			);
			runOnlyForDeploymentPostprocessing = 0;
		};
/* End PBXResourcesBuildPhase section */

/* Begin PBXSourcesBuildPhase section */
		87A5706D1940961200DBC92D /* Sources */ = {
			isa = PBXSourcesBuildPhase;
			buildActionMask = 2147483647;
			files = (
				87A570791940961200DBC92D /* ViewController.swift in Sources */,
				87A570771940961200DBC92D /* AppDelegate.swift in Sources */,
			);
			runOnlyForDeploymentPostprocessing = 0;
		};
		87A5707F1940961200DBC92D /* Sources */ = {
			isa = PBXSourcesBuildPhase;
			buildActionMask = 2147483647;
			files = (
				87A5708A1940961200DBC92D /* SwiftSampleTests.swift in Sources */,
			);
			runOnlyForDeploymentPostprocessing = 0;
		};
/* End PBXSourcesBuildPhase section */

/* Begin PBXTargetDependency section */
		87A570851940961200DBC92D /* PBXTargetDependency */ = {
			isa = PBXTargetDependency;
			target = 87A570701940961200DBC92D /* SwiftSample */;
			targetProxy = 87A570841940961200DBC92D /* PBXContainerItemProxy */;
		};
/* End PBXTargetDependency section */

/* Begin PBXVariantGroup section */
		87A5707A1940961200DBC92D /* Main.storyboard */ = {
			isa = PBXVariantGroup;
			children = (
				87A5707B1940961200DBC92D /* Base */,
			);
			name = Main.storyboard;
			sourceTree = "<group>";
		};
/* End PBXVariantGroup section */

/* Begin XCBuildConfiguration section */
		87A5708B1940961200DBC92D /* Debug */ = {
			isa = XCBuildConfiguration;
			buildSettings = {
				ALWAYS_SEARCH_USER_PATHS = NO;
				CLANG_CXX_LANGUAGE_STANDARD = "gnu++0x";
				CLANG_CXX_LIBRARY = "libc++";
				CLANG_ENABLE_MODULES = YES;
				CLANG_ENABLE_OBJC_ARC = YES;
				CLANG_WARN_BOOL_CONVERSION = YES;
				CLANG_WARN_CONSTANT_CONVERSION = YES;
				CLANG_WARN_DIRECT_OBJC_ISA_USAGE = YES_ERROR;
				CLANG_WARN_EMPTY_BODY = YES;
				CLANG_WARN_ENUM_CONVERSION = YES;
				CLANG_WARN_INT_CONVERSION = YES;
				CLANG_WARN_OBJC_ROOT_CLASS = YES_ERROR;
				CLANG_WARN_UNREACHABLE_CODE = YES;
				CLANG_WARN__DUPLICATE_METHOD_MATCH = YES;
				"CODE_SIGN_IDENTITY[sdk=iphoneos*]" = "iPhone Developer";
				COPY_PHASE_STRIP = NO;
				ENABLE_STRICT_OBJC_MSGSEND = YES;
				GCC_C_LANGUAGE_STANDARD = gnu99;
				GCC_DYNAMIC_NO_PIC = NO;
				GCC_OPTIMIZATION_LEVEL = 0;
				GCC_PREPROCESSOR_DEFINITIONS = (
					"DEBUG=1",
					"$(inherited)",
				);
				GCC_SYMBOLS_PRIVATE_EXTERN = NO;
				GCC_WARN_64_TO_32_BIT_CONVERSION = YES;
				GCC_WARN_ABOUT_RETURN_TYPE = YES_ERROR;
				GCC_WARN_UNDECLARED_SELECTOR = YES;
				GCC_WARN_UNINITIALIZED_AUTOS = YES_AGGRESSIVE;
				GCC_WARN_UNUSED_FUNCTION = YES;
				GCC_WARN_UNUSED_VARIABLE = YES;
				IPHONEOS_DEPLOYMENT_TARGET = 8.0;
				METAL_ENABLE_DEBUG_INFO = YES;
				ONLY_ACTIVE_ARCH = YES;
				SDKROOT = iphoneos;
				SWIFT_OPTIMIZATION_LEVEL = "-Onone";
			};
			name = Debug;
		};
		87A5708C1940961200DBC92D /* Release */ = {
			isa = XCBuildConfiguration;
			buildSettings = {
				ALWAYS_SEARCH_USER_PATHS = NO;
				CLANG_CXX_LANGUAGE_STANDARD = "gnu++0x";
				CLANG_CXX_LIBRARY = "libc++";
				CLANG_ENABLE_MODULES = YES;
				CLANG_ENABLE_OBJC_ARC = YES;
				CLANG_WARN_BOOL_CONVERSION = YES;
				CLANG_WARN_CONSTANT_CONVERSION = YES;
				CLANG_WARN_DIRECT_OBJC_ISA_USAGE = YES_ERROR;
				CLANG_WARN_EMPTY_BODY = YES;
				CLANG_WARN_ENUM_CONVERSION = YES;
				CLANG_WARN_INT_CONVERSION = YES;
				CLANG_WARN_OBJC_ROOT_CLASS = YES_ERROR;
				CLANG_WARN_UNREACHABLE_CODE = YES;
				CLANG_WARN__DUPLICATE_METHOD_MATCH = YES;
				"CODE_SIGN_IDENTITY[sdk=iphoneos*]" = "iPhone Developer";
				COPY_PHASE_STRIP = YES;
				ENABLE_NS_ASSERTIONS = NO;
				ENABLE_STRICT_OBJC_MSGSEND = YES;
				GCC_C_LANGUAGE_STANDARD = gnu99;
				GCC_WARN_64_TO_32_BIT_CONVERSION = YES;
				GCC_WARN_ABOUT_RETURN_TYPE = YES_ERROR;
				GCC_WARN_UNDECLARED_SELECTOR = YES;
				GCC_WARN_UNINITIALIZED_AUTOS = YES_AGGRESSIVE;
				GCC_WARN_UNUSED_FUNCTION = YES;
				GCC_WARN_UNUSED_VARIABLE = YES;
				IPHONEOS_DEPLOYMENT_TARGET = 8.0;
				METAL_ENABLE_DEBUG_INFO = NO;
				SDKROOT = iphoneos;
				VALIDATE_PRODUCT = YES;
			};
			name = Release;
		};
		87A5708E1940961200DBC92D /* Debug */ = {
			isa = XCBuildConfiguration;
			buildSettings = {
				ASSETCATALOG_COMPILER_APPICON_NAME = AppIcon;
				ASSETCATALOG_COMPILER_LAUNCHIMAGE_NAME = LaunchImage;
				INFOPLIST_FILE = SwiftSample/Info.plist;
				LD_RUNPATH_SEARCH_PATHS = "$(inherited) @executable_path/Frameworks";
				PRODUCT_NAME = "$(TARGET_NAME)";
			};
			name = Debug;
		};
		87A5708F1940961200DBC92D /* Release */ = {
			isa = XCBuildConfiguration;
			buildSettings = {
				ASSETCATALOG_COMPILER_APPICON_NAME = AppIcon;
				ASSETCATALOG_COMPILER_LAUNCHIMAGE_NAME = LaunchImage;
				INFOPLIST_FILE = SwiftSample/Info.plist;
				LD_RUNPATH_SEARCH_PATHS = "$(inherited) @executable_path/Frameworks";
				PRODUCT_NAME = "$(TARGET_NAME)";
			};
			name = Release;
		};
		87A570911940961200DBC92D /* Debug */ = {
			isa = XCBuildConfiguration;
			buildSettings = {
				BUNDLE_LOADER = "$(BUILT_PRODUCTS_DIR)/SwiftSample.app/SwiftSample";
				FRAMEWORK_SEARCH_PATHS = (
					"$(SDKROOT)/Developer/Library/Frameworks",
					"$(inherited)",
				);
				GCC_PREPROCESSOR_DEFINITIONS = (
					"DEBUG=1",
					"$(inherited)",
				);
				INFOPLIST_FILE = SwiftSampleTests/Info.plist;
				LD_RUNPATH_SEARCH_PATHS = "$(inherited) @executable_path/Frameworks @loader_path/Frameworks";
				METAL_ENABLE_DEBUG_INFO = YES;
				PRODUCT_NAME = "$(TARGET_NAME)";
				TEST_HOST = "$(BUNDLE_LOADER)";
			};
			name = Debug;
		};
		87A570921940961200DBC92D /* Release */ = {
			isa = XCBuildConfiguration;
			buildSettings = {
				BUNDLE_LOADER = "$(BUILT_PRODUCTS_DIR)/SwiftSample.app/SwiftSample";
				FRAMEWORK_SEARCH_PATHS = (
					"$(SDKROOT)/Developer/Library/Frameworks",
					"$(inherited)",
				);
				INFOPLIST_FILE = SwiftSampleTests/Info.plist;
				LD_RUNPATH_SEARCH_PATHS = "$(inherited) @executable_path/Frameworks @loader_path/Frameworks";
				METAL_ENABLE_DEBUG_INFO = NO;
				PRODUCT_NAME = "$(TARGET_NAME)";
				TEST_HOST = "$(BUNDLE_LOADER)";
			};
			name = Release;
		};
/* End XCBuildConfiguration section */

/* Begin XCConfigurationList section */
		87A5706C1940961200DBC92D /* Build configuration list for PBXProject "SwiftSample" */ = {
			isa = XCConfigurationList;
			buildConfigurations = (
				87A5708B1940961200DBC92D /* Debug */,
				87A5708C1940961200DBC92D /* Release */,
			);
			defaultConfigurationIsVisible = 0;
			defaultConfigurationName = Release;
		};
		87A5708D1940961200DBC92D /* Build configuration list for PBXNativeTarget "SwiftSample" */ = {
			isa = XCConfigurationList;
			buildConfigurations = (
				87A5708E1940961200DBC92D /* Debug */,
				87A5708F1940961200DBC92D /* Release */,
			);
			defaultConfigurationIsVisible = 0;
		};
		87A570901940961200DBC92D /* Build configuration list for PBXNativeTarget "SwiftSampleTests" */ = {
			isa = XCConfigurationList;
			buildConfigurations = (
				87A570911940961200DBC92D /* Debug */,
				87A570921940961200DBC92D /* Release */,
			);
			defaultConfigurationIsVisible = 0;
		};
/* End XCConfigurationList section */
	};
	rootObject = 87A570691940961200DBC92D /* Project object */;
}
